// !$*UTF8*$!
{
	archiveVersion = 1;
	classes = {
	};
	objectVersion = 50;
	objects = {

/* Begin PBXBuildFile section */
		3C5AEF01218D012F00F76759 /* AppDelegate.swift in Sources */ = {isa = PBXBuildFile; fileRef = 3C5AEF00218D012F00F76759 /* AppDelegate.swift */; };
		3C5AEF03218D012F00F76759 /* ViewController.swift in Sources */ = {isa = PBXBuildFile; fileRef = 3C5AEF02218D012F00F76759 /* ViewController.swift */; };
		3C5AEF06218D012F00F76759 /* Main.storyboard in Resources */ = {isa = PBXBuildFile; fileRef = 3C5AEF04218D012F00F76759 /* Main.storyboard */; };
		3C5AEF08218D013100F76759 /* Assets.xcassets in Resources */ = {isa = PBXBuildFile; fileRef = 3C5AEF07218D013100F76759 /* Assets.xcassets */; };
		3C5AEF0B218D013100F76759 /* LaunchScreen.storyboard in Resources */ = {isa = PBXBuildFile; fileRef = 3C5AEF09218D013100F76759 /* LaunchScreen.storyboard */; };
		3C5AEF16218D013100F76759 /* StopWatchTests.swift in Sources */ = {isa = PBXBuildFile; fileRef = 3C5AEF15218D013100F76759 /* StopWatchTests.swift */; };
		3C5AEF21218D013100F76759 /* StopWatchUITests.swift in Sources */ = {isa = PBXBuildFile; fileRef = 3C5AEF20218D013100F76759 /* StopWatchUITests.swift */; };
		3C5AEF2F218D061500F76759 /* TableViewController.swift in Sources */ = {isa = PBXBuildFile; fileRef = 3C5AEF2E218D061500F76759 /* TableViewController.swift */; };
/* End PBXBuildFile section */

/* Begin PBXContainerItemProxy section */
		3C5AEF12218D013100F76759 /* PBXContainerItemProxy */ = {
			isa = PBXContainerItemProxy;
			containerPortal = 3C5AEEF5218D012F00F76759 /* Project object */;
			proxyType = 1;
			remoteGlobalIDString = 3C5AEEFC218D012F00F76759;
			remoteInfo = StopWatch;
		};
		3C5AEF1D218D013100F76759 /* PBXContainerItemProxy */ = {
			isa = PBXContainerItemProxy;
			containerPortal = 3C5AEEF5218D012F00F76759 /* Project object */;
			proxyType = 1;
			remoteGlobalIDString = 3C5AEEFC218D012F00F76759;
			remoteInfo = StopWatch;
		};
/* End PBXContainerItemProxy section */

/* Begin PBXFileReference section */
		3C5AEEFD218D012F00F76759 /* StopWatch.app */ = {isa = PBXFileReference; explicitFileType = wrapper.application; includeInIndex = 0; path = StopWatch.app; sourceTree = BUILT_PRODUCTS_DIR; };
		3C5AEF00218D012F00F76759 /* AppDelegate.swift */ = {isa = PBXFileReference; lastKnownFileType = sourcecode.swift; path = AppDelegate.swift; sourceTree = "<group>"; };
		3C5AEF02218D012F00F76759 /* ViewController.swift */ = {isa = PBXFileReference; lastKnownFileType = sourcecode.swift; path = ViewController.swift; sourceTree = "<group>"; };
		3C5AEF05218D012F00F76759 /* Base */ = {isa = PBXFileReference; lastKnownFileType = file.storyboard; name = Base; path = Base.lproj/Main.storyboard; sourceTree = "<group>"; };
		3C5AEF07218D013100F76759 /* Assets.xcassets */ = {isa = PBXFileReference; lastKnownFileType = folder.assetcatalog; path = Assets.xcassets; sourceTree = "<group>"; };
		3C5AEF0A218D013100F76759 /* Base */ = {isa = PBXFileReference; lastKnownFileType = file.storyboard; name = Base; path = Base.lproj/LaunchScreen.storyboard; sourceTree = "<group>"; };
		3C5AEF0C218D013100F76759 /* Info.plist */ = {isa = PBXFileReference; lastKnownFileType = text.plist.xml; path = Info.plist; sourceTree = "<group>"; };
		3C5AEF11218D013100F76759 /* StopWatchTests.xctest */ = {isa = PBXFileReference; explicitFileType = wrapper.cfbundle; includeInIndex = 0; path = StopWatchTests.xctest; sourceTree = BUILT_PRODUCTS_DIR; };
		3C5AEF15218D013100F76759 /* StopWatchTests.swift */ = {isa = PBXFileReference; lastKnownFileType = sourcecode.swift; path = StopWatchTests.swift; sourceTree = "<group>"; };
		3C5AEF17218D013100F76759 /* Info.plist */ = {isa = PBXFileReference; lastKnownFileType = text.plist.xml; path = Info.plist; sourceTree = "<group>"; };
		3C5AEF1C218D013100F76759 /* StopWatchUITests.xctest */ = {isa = PBXFileReference; explicitFileType = wrapper.cfbundle; includeInIndex = 0; path = StopWatchUITests.xctest; sourceTree = BUILT_PRODUCTS_DIR; };
		3C5AEF20218D013100F76759 /* StopWatchUITests.swift */ = {isa = PBXFileReference; lastKnownFileType = sourcecode.swift; path = StopWatchUITests.swift; sourceTree = "<group>"; };
		3C5AEF22218D013100F76759 /* Info.plist */ = {isa = PBXFileReference; lastKnownFileType = text.plist.xml; path = Info.plist; sourceTree = "<group>"; };
		3C5AEF2E218D061500F76759 /* TableViewController.swift */ = {isa = PBXFileReference; lastKnownFileType = sourcecode.swift; path = TableViewController.swift; sourceTree = "<group>"; };
/* End PBXFileReference section */

/* Begin PBXFrameworksBuildPhase section */
		3C5AEEFA218D012F00F76759 /* Frameworks */ = {
			isa = PBXFrameworksBuildPhase;
			buildActionMask = 2147483647;
			files = (
			);
			runOnlyForDeploymentPostprocessing = 0;
		};
		3C5AEF0E218D013100F76759 /* Frameworks */ = {
			isa = PBXFrameworksBuildPhase;
			buildActionMask = 2147483647;
			files = (
			);
			runOnlyForDeploymentPostprocessing = 0;
		};
		3C5AEF19218D013100F76759 /* Frameworks */ = {
			isa = PBXFrameworksBuildPhase;
			buildActionMask = 2147483647;
			files = (
			);
			runOnlyForDeploymentPostprocessing = 0;
		};
/* End PBXFrameworksBuildPhase section */

/* Begin PBXGroup section */
		3C5AEEF4218D012F00F76759 = {
			isa = PBXGroup;
			children = (
				3C5AEEFF218D012F00F76759 /* StopWatch */,
				3C5AEF14218D013100F76759 /* StopWatchTests */,
				3C5AEF1F218D013100F76759 /* StopWatchUITests */,
				3C5AEEFE218D012F00F76759 /* Products */,
			);
			sourceTree = "<group>";
		};
		3C5AEEFE218D012F00F76759 /* Products */ = {
			isa = PBXGroup;
			children = (
				3C5AEEFD218D012F00F76759 /* StopWatch.app */,
				3C5AEF11218D013100F76759 /* StopWatchTests.xctest */,
				3C5AEF1C218D013100F76759 /* StopWatchUITests.xctest */,
			);
			name = Products;
			sourceTree = "<group>";
		};
		3C5AEEFF218D012F00F76759 /* StopWatch */ = {
			isa = PBXGroup;
			children = (
				3C5AEF00218D012F00F76759 /* AppDelegate.swift */,
				3C5AEF02218D012F00F76759 /* ViewController.swift */,
				3C5AEF04218D012F00F76759 /* Main.storyboard */,
				3C5AEF2E218D061500F76759 /* TableViewController.swift */,
				3C5AEF07218D013100F76759 /* Assets.xcassets */,
				3C5AEF09218D013100F76759 /* LaunchScreen.storyboard */,
				3C5AEF0C218D013100F76759 /* Info.plist */,
			);
			path = StopWatch;
			sourceTree = "<group>";
		};
		3C5AEF14218D013100F76759 /* StopWatchTests */ = {
			isa = PBXGroup;
			children = (
				3C5AEF15218D013100F76759 /* StopWatchTests.swift */,
				3C5AEF17218D013100F76759 /* Info.plist */,
			);
			path = StopWatchTests;
			sourceTree = "<group>";
		};
		3C5AEF1F218D013100F76759 /* StopWatchUITests */ = {
			isa = PBXGroup;
			children = (
				3C5AEF20218D013100F76759 /* StopWatchUITests.swift */,
				3C5AEF22218D013100F76759 /* Info.plist */,
			);
			path = StopWatchUITests;
			sourceTree = "<group>";
		};
/* End PBXGroup section */

/* Begin PBXNativeTarget section */
		3C5AEEFC218D012F00F76759 /* StopWatch */ = {
			isa = PBXNativeTarget;
			buildConfigurationList = 3C5AEF25218D013100F76759 /* Build configuration list for PBXNativeTarget "StopWatch" */;
			buildPhases = (
				3C5AEEF9218D012F00F76759 /* Sources */,
				3C5AEEFA218D012F00F76759 /* Frameworks */,
				3C5AEEFB218D012F00F76759 /* Resources */,
			);
			buildRules = (
			);
			dependencies = (
			);
			name = StopWatch;
			productName = StopWatch;
			productReference = 3C5AEEFD218D012F00F76759 /* StopWatch.app */;
			productType = "com.apple.product-type.application";
		};
		3C5AEF10218D013100F76759 /* StopWatchTests */ = {
			isa = PBXNativeTarget;
			buildConfigurationList = 3C5AEF28218D013100F76759 /* Build configuration list for PBXNativeTarget "StopWatchTests" */;
			buildPhases = (
				3C5AEF0D218D013100F76759 /* Sources */,
				3C5AEF0E218D013100F76759 /* Frameworks */,
				3C5AEF0F218D013100F76759 /* Resources */,
			);
			buildRules = (
			);
			dependencies = (
				3C5AEF13218D013100F76759 /* PBXTargetDependency */,
			);
			name = StopWatchTests;
			productName = StopWatchTests;
			productReference = 3C5AEF11218D013100F76759 /* StopWatchTests.xctest */;
			productType = "com.apple.product-type.bundle.unit-test";
		};
		3C5AEF1B218D013100F76759 /* StopWatchUITests */ = {
			isa = PBXNativeTarget;
			buildConfigurationList = 3C5AEF2B218D013100F76759 /* Build configuration list for PBXNativeTarget "StopWatchUITests" */;
			buildPhases = (
				3C5AEF18218D013100F76759 /* Sources */,
				3C5AEF19218D013100F76759 /* Frameworks */,
				3C5AEF1A218D013100F76759 /* Resources */,
			);
			buildRules = (
			);
			dependencies = (
				3C5AEF1E218D013100F76759 /* PBXTargetDependency */,
			);
			name = StopWatchUITests;
			productName = StopWatchUITests;
			productReference = 3C5AEF1C218D013100F76759 /* StopWatchUITests.xctest */;
			productType = "com.apple.product-type.bundle.ui-testing";
		};
/* End PBXNativeTarget section */

/* Begin PBXProject section */
		3C5AEEF5218D012F00F76759 /* Project object */ = {
			isa = PBXProject;
			attributes = {
				LastSwiftUpdateCheck = 1000;
				LastUpgradeCheck = 1000;
				ORGANIZATIONNAME = "Ryan Phan";
				TargetAttributes = {
					3C5AEEFC218D012F00F76759 = {
						CreatedOnToolsVersion = 10.0;
					};
					3C5AEF10218D013100F76759 = {
						CreatedOnToolsVersion = 10.0;
						TestTargetID = 3C5AEEFC218D012F00F76759;
					};
					3C5AEF1B218D013100F76759 = {
						CreatedOnToolsVersion = 10.0;
						TestTargetID = 3C5AEEFC218D012F00F76759;
					};
				};
			};
			buildConfigurationList = 3C5AEEF8218D012F00F76759 /* Build configuration list for PBXProject "StopWatch" */;
			compatibilityVersion = "Xcode 9.3";
			developmentRegion = en;
			hasScannedForEncodings = 0;
			knownRegions = (
				en,
				Base,
			);
			mainGroup = 3C5AEEF4218D012F00F76759;
			productRefGroup = 3C5AEEFE218D012F00F76759 /* Products */;
			projectDirPath = "";
			projectRoot = "";
			targets = (
				3C5AEEFC218D012F00F76759 /* StopWatch */,
				3C5AEF10218D013100F76759 /* StopWatchTests */,
				3C5AEF1B218D013100F76759 /* StopWatchUITests */,
			);
		};
/* End PBXProject section */

/* Begin PBXResourcesBuildPhase section */
		3C5AEEFB218D012F00F76759 /* Resources */ = {
			isa = PBXResourcesBuildPhase;
			buildActionMask = 2147483647;
			files = (
				3C5AEF0B218D013100F76759 /* LaunchScreen.storyboard in Resources */,
				3C5AEF08218D013100F76759 /* Assets.xcassets in Resources */,
				3C5AEF06218D012F00F76759 /* Main.storyboard in Resources */,
			);
			runOnlyForDeploymentPostprocessing = 0;
		};
		3C5AEF0F218D013100F76759 /* Resources */ = {
			isa = PBXResourcesBuildPhase;
			buildActionMask = 2147483647;
			files = (
			);
			runOnlyForDeploymentPostprocessing = 0;
		};
		3C5AEF1A218D013100F76759 /* Resources */ = {
			isa = PBXResourcesBuildPhase;
			buildActionMask = 2147483647;
			files = (
			);
			runOnlyForDeploymentPostprocessing = 0;
		};
/* End PBXResourcesBuildPhase section */

/* Begin PBXSourcesBuildPhase section */
		3C5AEEF9218D012F00F76759 /* Sources */ = {
			isa = PBXSourcesBuildPhase;
			buildActionMask = 2147483647;
			files = (
				3C5AEF03218D012F00F76759 /* ViewController.swift in Sources */,
				3C5AEF2F218D061500F76759 /* TableViewController.swift in Sources */,
				3C5AEF01218D012F00F76759 /* AppDelegate.swift in Sources */,
			);
			runOnlyForDeploymentPostprocessing = 0;
		};
		3C5AEF0D218D013100F76759 /* Sources */ = {
			isa = PBXSourcesBuildPhase;
			buildActionMask = 2147483647;
			files = (
				3C5AEF16218D013100F76759 /* StopWatchTests.swift in Sources */,
			);
			runOnlyForDeploymentPostprocessing = 0;
		};
		3C5AEF18218D013100F76759 /* Sources */ = {
			isa = PBXSourcesBuildPhase;
			buildActionMask = 2147483647;
			files = (
				3C5AEF21218D013100F76759 /* StopWatchUITests.swift in Sources */,
			);
			runOnlyForDeploymentPostprocessing = 0;
		};
/* End PBXSourcesBuildPhase section */

/* Begin PBXTargetDependency section */
		3C5AEF13218D013100F76759 /* PBXTargetDependency */ = {
			isa = PBXTargetDependency;
			target = 3C5AEEFC218D012F00F76759 /* StopWatch */;
			targetProxy = 3C5AEF12218D013100F76759 /* PBXContainerItemProxy */;
		};
		3C5AEF1E218D013100F76759 /* PBXTargetDependency */ = {
			isa = PBXTargetDependency;
			target = 3C5AEEFC218D012F00F76759 /* StopWatch */;
			targetProxy = 3C5AEF1D218D013100F76759 /* PBXContainerItemProxy */;
		};
/* End PBXTargetDependency section */

/* Begin PBXVariantGroup section */
		3C5AEF04218D012F00F76759 /* Main.storyboard */ = {
			isa = PBXVariantGroup;
			children = (
				3C5AEF05218D012F00F76759 /* Base */,
			);
			name = Main.storyboard;
			sourceTree = "<group>";
		};
		3C5AEF09218D013100F76759 /* LaunchScreen.storyboard */ = {
			isa = PBXVariantGroup;
			children = (
				3C5AEF0A218D013100F76759 /* Base */,
			);
			name = LaunchScreen.storyboard;
			sourceTree = "<group>";
		};
/* End PBXVariantGroup section */

/* Begin XCBuildConfiguration section */
		3C5AEF23218D013100F76759 /* Debug */ = {
			isa = XCBuildConfiguration;
			buildSettings = {
				ALWAYS_SEARCH_USER_PATHS = NO;
				CLANG_ANALYZER_NONNULL = YES;
				CLANG_ANALYZER_NUMBER_OBJECT_CONVERSION = YES_AGGRESSIVE;
				CLANG_CXX_LANGUAGE_STANDARD = "gnu++14";
				CLANG_CXX_LIBRARY = "libc++";
				CLANG_ENABLE_MODULES = YES;
				CLANG_ENABLE_OBJC_ARC = YES;
				CLANG_ENABLE_OBJC_WEAK = YES;
				CLANG_WARN_BLOCK_CAPTURE_AUTORELEASING = YES;
				CLANG_WARN_BOOL_CONVERSION = YES;
				CLANG_WARN_COMMA = YES;
				CLANG_WARN_CONSTANT_CONVERSION = YES;
				CLANG_WARN_DEPRECATED_OBJC_IMPLEMENTATIONS = YES;
				CLANG_WARN_DIRECT_OBJC_ISA_USAGE = YES_ERROR;
				CLANG_WARN_DOCUMENTATION_COMMENTS = YES;
				CLANG_WARN_EMPTY_BODY = YES;
				CLANG_WARN_ENUM_CONVERSION = YES;
				CLANG_WARN_INFINITE_RECURSION = YES;
				CLANG_WARN_INT_CONVERSION = YES;
				CLANG_WARN_NON_LITERAL_NULL_CONVERSION = YES;
				CLANG_WARN_OBJC_IMPLICIT_RETAIN_SELF = YES;
				CLANG_WARN_OBJC_LITERAL_CONVERSION = YES;
				CLANG_WARN_OBJC_ROOT_CLASS = YES_ERROR;
				CLANG_WARN_RANGE_LOOP_ANALYSIS = YES;
				CLANG_WARN_STRICT_PROTOTYPES = YES;
				CLANG_WARN_SUSPICIOUS_MOVE = YES;
				CLANG_WARN_UNGUARDED_AVAILABILITY = YES_AGGRESSIVE;
				CLANG_WARN_UNREACHABLE_CODE = YES;
				CLANG_WARN__DUPLICATE_METHOD_MATCH = YES;
				CODE_SIGN_IDENTITY = "iPhone Developer";
				COPY_PHASE_STRIP = NO;
				DEBUG_INFORMATION_FORMAT = dwarf;
				ENABLE_STRICT_OBJC_MSGSEND = YES;
				ENABLE_TESTABILITY = YES;
				GCC_C_LANGUAGE_STANDARD = gnu11;
				GCC_DYNAMIC_NO_PIC = NO;
				GCC_NO_COMMON_BLOCKS = YES;
				GCC_OPTIMIZATION_LEVEL = 0;
				GCC_PREPROCESSOR_DEFINITIONS = (
					"DEBUG=1",
					"$(inherited)",
				);
				GCC_WARN_64_TO_32_BIT_CONVERSION = YES;
				GCC_WARN_ABOUT_RETURN_TYPE = YES_ERROR;
				GCC_WARN_UNDECLARED_SELECTOR = YES;
				GCC_WARN_UNINITIALIZED_AUTOS = YES_AGGRESSIVE;
				GCC_WARN_UNUSED_FUNCTION = YES;
				GCC_WARN_UNUSED_VARIABLE = YES;
				IPHONEOS_DEPLOYMENT_TARGET = 12.0;
				MTL_ENABLE_DEBUG_INFO = INCLUDE_SOURCE;
				MTL_FAST_MATH = YES;
				ONLY_ACTIVE_ARCH = YES;
				SDKROOT = iphoneos;
				SWIFT_ACTIVE_COMPILATION_CONDITIONS = DEBUG;
				SWIFT_OPTIMIZATION_LEVEL = "-Onone";
			};
			name = Debug;
		};
		3C5AEF24218D013100F76759 /* Release */ = {
			isa = XCBuildConfiguration;
			buildSettings = {
				ALWAYS_SEARCH_USER_PATHS = NO;
				CLANG_ANALYZER_NONNULL = YES;
				CLANG_ANALYZER_NUMBER_OBJECT_CONVERSION = YES_AGGRESSIVE;
				CLANG_CXX_LANGUAGE_STANDARD = "gnu++14";
				CLANG_CXX_LIBRARY = "libc++";
				CLANG_ENABLE_MODULES = YES;
				CLANG_ENABLE_OBJC_ARC = YES;
				CLANG_ENABLE_OBJC_WEAK = YES;
				CLANG_WARN_BLOCK_CAPTURE_AUTORELEASING = YES;
				CLANG_WARN_BOOL_CONVERSION = YES;
				CLANG_WARN_COMMA = YES;
				CLANG_WARN_CONSTANT_CONVERSION = YES;
				CLANG_WARN_DEPRECATED_OBJC_IMPLEMENTATIONS = YES;
				CLANG_WARN_DIRECT_OBJC_ISA_USAGE = YES_ERROR;
				CLANG_WARN_DOCUMENTATION_COMMENTS = YES;
				CLANG_WARN_EMPTY_BODY = YES;
				CLANG_WARN_ENUM_CONVERSION = YES;
				CLANG_WARN_INFINITE_RECURSION = YES;
				CLANG_WARN_INT_CONVERSION = YES;
				CLANG_WARN_NON_LITERAL_NULL_CONVERSION = YES;
				CLANG_WARN_OBJC_IMPLICIT_RETAIN_SELF = YES;
				CLANG_WARN_OBJC_LITERAL_CONVERSION = YES;
				CLANG_WARN_OBJC_ROOT_CLASS = YES_ERROR;
				CLANG_WARN_RANGE_LOOP_ANALYSIS = YES;
				CLANG_WARN_STRICT_PROTOTYPES = YES;
				CLANG_WARN_SUSPICIOUS_MOVE = YES;
				CLANG_WARN_UNGUARDED_AVAILABILITY = YES_AGGRESSIVE;
				CLANG_WARN_UNREACHABLE_CODE = YES;
				CLANG_WARN__DUPLICATE_METHOD_MATCH = YES;
				CODE_SIGN_IDENTITY = "iPhone Developer";
				COPY_PHASE_STRIP = NO;
				DEBUG_INFORMATION_FORMAT = "dwarf-with-dsym";
				ENABLE_NS_ASSERTIONS = NO;
				ENABLE_STRICT_OBJC_MSGSEND = YES;
				GCC_C_LANGUAGE_STANDARD = gnu11;
				GCC_NO_COMMON_BLOCKS = YES;
				GCC_WARN_64_TO_32_BIT_CONVERSION = YES;
				GCC_WARN_ABOUT_RETURN_TYPE = YES_ERROR;
				GCC_WARN_UNDECLARED_SELECTOR = YES;
				GCC_WARN_UNINITIALIZED_AUTOS = YES_AGGRESSIVE;
				GCC_WARN_UNUSED_FUNCTION = YES;
				GCC_WARN_UNUSED_VARIABLE = YES;
				IPHONEOS_DEPLOYMENT_TARGET = 12.0;
				MTL_ENABLE_DEBUG_INFO = NO;
				MTL_FAST_MATH = YES;
				SDKROOT = iphoneos;
				SWIFT_COMPILATION_MODE = wholemodule;
				SWIFT_OPTIMIZATION_LEVEL = "-O";
				VALIDATE_PRODUCT = YES;
			};
			name = Release;
		};
		3C5AEF26218D013100F76759 /* Debug */ = {
			isa = XCBuildConfiguration;
			buildSettings = {
				ASSETCATALOG_COMPILER_APPICON_NAME = AppIcon;
				CODE_SIGN_STYLE = Automatic;
				DEVELOPMENT_TEAM = 636MVCPK34;
				INFOPLIST_FILE = StopWatch/Info.plist;
				LD_RUNPATH_SEARCH_PATHS = (
					"$(inherited)",
					"@executable_path/Frameworks",
				);
				PRODUCT_BUNDLE_IDENTIFIER = com.Ryan.StopWatch;
				PRODUCT_NAME = "$(TARGET_NAME)";
				SWIFT_VERSION = 4.2;
				TARGETED_DEVICE_FAMILY = "1,2";
			};
			name = Debug;
		};
		3C5AEF27218D013100F76759 /* Release */ = {
			isa = XCBuildConfiguration;
			buildSettings = {
				ASSETCATALOG_COMPILER_APPICON_NAME = AppIcon;
				CODE_SIGN_STYLE = Automatic;
				DEVELOPMENT_TEAM = 636MVCPK34;
				INFOPLIST_FILE = StopWatch/Info.plist;
				LD_RUNPATH_SEARCH_PATHS = (
					"$(inherited)",
					"@executable_path/Frameworks",
				);
				PRODUCT_BUNDLE_IDENTIFIER = com.Ryan.StopWatch;
				PRODUCT_NAME = "$(TARGET_NAME)";
				SWIFT_VERSION = 4.2;
				TARGETED_DEVICE_FAMILY = "1,2";
			};
			name = Release;
		};
		3C5AEF29218D013100F76759 /* Debug */ = {
			isa = XCBuildConfiguration;
			buildSettings = {
				ALWAYS_EMBED_SWIFT_STANDARD_LIBRARIES = YES;
				BUNDLE_LOADER = "$(TEST_HOST)";
				CODE_SIGN_STYLE = Automatic;
				DEVELOPMENT_TEAM = 636MVCPK34;
				INFOPLIST_FILE = StopWatchTests/Info.plist;
				LD_RUNPATH_SEARCH_PATHS = (
					"$(inherited)",
					"@executable_path/Frameworks",
					"@loader_path/Frameworks",
				);
				PRODUCT_BUNDLE_IDENTIFIER = com.Ryan.StopWatchTests;
				PRODUCT_NAME = "$(TARGET_NAME)";
				SWIFT_VERSION = 4.2;
				TARGETED_DEVICE_FAMILY = "1,2";
				TEST_HOST = "$(BUILT_PRODUCTS_DIR)/StopWatch.app/StopWatch";
			};
			name = Debug;
		};
		3C5AEF2A218D013100F76759 /* Release */ = {
			isa = XCBuildConfiguration;
			buildSettings = {
				ALWAYS_EMBED_SWIFT_STANDARD_LIBRARIES = YES;
				BUNDLE_LOADER = "$(TEST_HOST)";
				CODE_SIGN_STYLE = Automatic;
				DEVELOPMENT_TEAM = 636MVCPK34;
				INFOPLIST_FILE = StopWatchTests/Info.plist;
				LD_RUNPATH_SEARCH_PATHS = (
					"$(inherited)",
					"@executable_path/Frameworks",
					"@loader_path/Frameworks",
				);
				PRODUCT_BUNDLE_IDENTIFIER = com.Ryan.StopWatchTests;
				PRODUCT_NAME = "$(TARGET_NAME)";
				SWIFT_VERSION = 4.2;
				TARGETED_DEVICE_FAMILY = "1,2";
				TEST_HOST = "$(BUILT_PRODUCTS_DIR)/StopWatch.app/StopWatch";
			};
			name = Release;
		};
		3C5AEF2C218D013100F76759 /* Debug */ = {
			isa = XCBuildConfiguration;
			buildSettings = {
				ALWAYS_EMBED_SWIFT_STANDARD_LIBRARIES = YES;
				CODE_SIGN_STYLE = Automatic;
				DEVELOPMENT_TEAM = 636MVCPK34;
				INFOPLIST_FILE = StopWatchUITests/Info.plist;
				LD_RUNPATH_SEARCH_PATHS = (
					"$(inherited)",
					"@executable_path/Frameworks",
					"@loader_path/Frameworks",
				);
				PRODUCT_BUNDLE_IDENTIFIER = com.Ryan.StopWatchUITests;
				PRODUCT_NAME = "$(TARGET_NAME)";
				SWIFT_VERSION = 4.2;
				TARGETED_DEVICE_FAMILY = "1,2";
				TEST_TARGET_NAME = StopWatch;
			};
			name = Debug;
		};
		3C5AEF2D218D013100F76759 /* Release */ = {
			isa = XCBuildConfiguration;
			buildSettings = {
				ALWAYS_EMBED_SWIFT_STANDARD_LIBRARIES = YES;
				CODE_SIGN_STYLE = Automatic;
				DEVELOPMENT_TEAM = 636MVCPK34;
				INFOPLIST_FILE = StopWatchUITests/Info.plist;
				LD_RUNPATH_SEARCH_PATHS = (
					"$(inherited)",
					"@executable_path/Frameworks",
					"@loader_path/Frameworks",
				);
				PRODUCT_BUNDLE_IDENTIFIER = com.Ryan.StopWatchUITests;
				PRODUCT_NAME = "$(TARGET_NAME)";
				SWIFT_VERSION = 4.2;
				TARGETED_DEVICE_FAMILY = "1,2";
				TEST_TARGET_NAME = StopWatch;
			};
			name = Release;
		};
/* End XCBuildConfiguration section */

/* Begin XCConfigurationList section */
		3C5AEEF8218D012F00F76759 /* Build configuration list for PBXProject "StopWatch" */ = {
			isa = XCConfigurationList;
			buildConfigurations = (
				3C5AEF23218D013100F76759 /* Debug */,
				3C5AEF24218D013100F76759 /* Release */,
			);
			defaultConfigurationIsVisible = 0;
			defaultConfigurationName = Release;
		};
		3C5AEF25218D013100F76759 /* Build configuration list for PBXNativeTarget "StopWatch" */ = {
			isa = XCConfigurationList;
			buildConfigurations = (
				3C5AEF26218D013100F76759 /* Debug */,
				3C5AEF27218D013100F76759 /* Release */,
			);
			defaultConfigurationIsVisible = 0;
			defaultConfigurationName = Release;
		};
		3C5AEF28218D013100F76759 /* Build configuration list for PBXNativeTarget "StopWatchTests" */ = {
			isa = XCConfigurationList;
			buildConfigurations = (
				3C5AEF29218D013100F76759 /* Debug */,
				3C5AEF2A218D013100F76759 /* Release */,
			);
			defaultConfigurationIsVisible = 0;
			defaultConfigurationName = Release;
		};
		3C5AEF2B218D013100F76759 /* Build configuration list for PBXNativeTarget "StopWatchUITests" */ = {
			isa = XCConfigurationList;
			buildConfigurations = (
				3C5AEF2C218D013100F76759 /* Debug */,
				3C5AEF2D218D013100F76759 /* Release */,
			);
			defaultConfigurationIsVisible = 0;
			defaultConfigurationName = Release;
		};
/* End XCConfigurationList section */
	};
	rootObject = 3C5AEEF5218D012F00F76759 /* Project object */;
}
